
Microsoft Visual Studio Solution File, Format Version 12.00
# Visual Studio 14
VisualStudioVersion = 14.0.25420.1
MinimumVisualStudioVersion = 10.0.40219.1
Project("{888888A0-9F3D-457C-B088-3A5042F75D52}") = "GitAPIManager", "GitAPIManager\GitAPIManager.pyproj", "{17426581-83F5-49F8-8484-C626291D24DF}"
EndProject
Global
	GlobalSection(SolutionConfigurationPlatforms) = preSolution
		Debug|Any CPU = Debug|Any CPU
		Release|Any CPU = Release|Any CPU
	EndGlobalSection
	GlobalSection(ProjectConfigurationPlatforms) = postSolution
		{17426581-83F5-49F8-8484-C626291D24DF}.Debug|Any CPU.ActiveCfg = Debug|Any CPU
		{17426581-83F5-49F8-8484-C626291D24DF}.Debug|Any CPU.Build.0 = Debug|Any CPU
		{17426581-83F5-49F8-8484-C626291D24DF}.Release|Any CPU.ActiveCfg = Release|Any CPU
		{17426581-83F5-49F8-8484-C626291D24DF}.Release|Any CPU.Build.0 = Release|Any CPU
	EndGlobalSection
	GlobalSection(SolutionProperties) = preSolution
		HideSolutionNode = FALSE
	EndGlobalSection
EndGlobal
